// !$*UTF8*$!
{
	archiveVersion = 1;
	classes = {
	};
	objectVersion = 46;
	objects = {

/* Begin PBXBuildFile section */
		485DB89B1BAFFF8900CEAE33 /* UITableView+FDKeyedHeightCache.m in Sources */ = {isa = PBXBuildFile; fileRef = 485DB89A1BAFFF8900CEAE33 /* UITableView+FDKeyedHeightCache.m */; settings = {ASSET_TAGS = (); }; };
		485DB89E1BB0004300CEAE33 /* UITableView+FDIndexPathHeightCache.m in Sources */ = {isa = PBXBuildFile; fileRef = 485DB89D1BB0004300CEAE33 /* UITableView+FDIndexPathHeightCache.m */; settings = {ASSET_TAGS = (); }; };
		488EECB71ADFEDC6004EAA71 /* main.m in Sources */ = {isa = PBXBuildFile; fileRef = 488EECB61ADFEDC6004EAA71 /* main.m */; };
		488EECBA1ADFEDC6004EAA71 /* FDAppDelegate.m in Sources */ = {isa = PBXBuildFile; fileRef = 488EECB91ADFEDC6004EAA71 /* FDAppDelegate.m */; };
		488EECC01ADFEDC6004EAA71 /* Main.storyboard in Resources */ = {isa = PBXBuildFile; fileRef = 488EECBE1ADFEDC6004EAA71 /* Main.storyboard */; };
		488EECC21ADFEDC6004EAA71 /* Images.xcassets in Resources */ = {isa = PBXBuildFile; fileRef = 488EECC11ADFEDC6004EAA71 /* Images.xcassets */; };
		488EECC51ADFEDC6004EAA71 /* LaunchScreen.xib in Resources */ = {isa = PBXBuildFile; fileRef = 488EECC31ADFEDC6004EAA71 /* LaunchScreen.xib */; };
		488EECE01ADFF7A5004EAA71 /* FDFeedViewController.m in Sources */ = {isa = PBXBuildFile; fileRef = 488EECDF1ADFF7A5004EAA71 /* FDFeedViewController.m */; };
		488EECE31ADFF884004EAA71 /* FDFeedEntity.m in Sources */ = {isa = PBXBuildFile; fileRef = 488EECE21ADFF884004EAA71 /* FDFeedEntity.m */; };
		48954A261B5102E200EFD15D /* UITableView+FDTemplateLayoutCell.m in Sources */ = {isa = PBXBuildFile; fileRef = 48954A1F1B5102E200EFD15D /* UITableView+FDTemplateLayoutCell.m */; };
		48954A271B5102E200EFD15D /* UITableView+FDTemplateLayoutCellDebug.m in Sources */ = {isa = PBXBuildFile; fileRef = 48954A211B5102E200EFD15D /* UITableView+FDTemplateLayoutCellDebug.m */; };
		4897E5DD1ADFFBBD00E87B5F /* data.json in Resources */ = {isa = PBXBuildFile; fileRef = 4897E5DC1ADFFBBD00E87B5F /* data.json */; };
		4897E5E01AE090B900E87B5F /* FDFeedCell.m in Sources */ = {isa = PBXBuildFile; fileRef = 4897E5DF1AE090B900E87B5F /* FDFeedCell.m */; };
/* End PBXBuildFile section */

/* Begin PBXFileReference section */
		485DB8991BAFFF8900CEAE33 /* UITableView+FDKeyedHeightCache.h */ = {isa = PBXFileReference; fileEncoding = 4; lastKnownFileType = sourcecode.c.h; path = "UITableView+FDKeyedHeightCache.h"; sourceTree = "<group>"; };
		485DB89A1BAFFF8900CEAE33 /* UITableView+FDKeyedHeightCache.m */ = {isa = PBXFileReference; fileEncoding = 4; lastKnownFileType = sourcecode.c.objc; path = "UITableView+FDKeyedHeightCache.m"; sourceTree = "<group>"; };
		485DB89C1BB0004300CEAE33 /* UITableView+FDIndexPathHeightCache.h */ = {isa = PBXFileReference; fileEncoding = 4; lastKnownFileType = sourcecode.c.h; path = "UITableView+FDIndexPathHeightCache.h"; sourceTree = "<group>"; };
		485DB89D1BB0004300CEAE33 /* UITableView+FDIndexPathHeightCache.m */ = {isa = PBXFileReference; fileEncoding = 4; lastKnownFileType = sourcecode.c.objc; path = "UITableView+FDIndexPathHeightCache.m"; sourceTree = "<group>"; };
		488EECB11ADFEDC6004EAA71 /* Demo.app */ = {isa = PBXFileReference; explicitFileType = wrapper.application; includeInIndex = 0; path = Demo.app; sourceTree = BUILT_PRODUCTS_DIR; };
		488EECB51ADFEDC6004EAA71 /* Info.plist */ = {isa = PBXFileReference; lastKnownFileType = text.plist.xml; path = Info.plist; sourceTree = "<group>"; };
		488EECB61ADFEDC6004EAA71 /* main.m */ = {isa = PBXFileReference; lastKnownFileType = sourcecode.c.objc; path = main.m; sourceTree = "<group>"; };
		488EECB81ADFEDC6004EAA71 /* FDAppDelegate.h */ = {isa = PBXFileReference; lastKnownFileType = sourcecode.c.h; path = FDAppDelegate.h; sourceTree = "<group>"; };
		488EECB91ADFEDC6004EAA71 /* FDAppDelegate.m */ = {isa = PBXFileReference; lastKnownFileType = sourcecode.c.objc; path = FDAppDelegate.m; sourceTree = "<group>"; };
		488EECBF1ADFEDC6004EAA71 /* Base */ = {isa = PBXFileReference; lastKnownFileType = file.storyboard; name = Base; path = Base.lproj/Main.storyboard; sourceTree = "<group>"; };
		488EECC11ADFEDC6004EAA71 /* Images.xcassets */ = {isa = PBXFileReference; lastKnownFileType = folder.assetcatalog; path = Images.xcassets; sourceTree = "<group>"; };
		488EECC41ADFEDC6004EAA71 /* Base */ = {isa = PBXFileReference; lastKnownFileType = file.xib; name = Base; path = Base.lproj/LaunchScreen.xib; sourceTree = "<group>"; };
		488EECDE1ADFF7A5004EAA71 /* FDFeedViewController.h */ = {isa = PBXFileReference; fileEncoding = 4; lastKnownFileType = sourcecode.c.h; path = FDFeedViewController.h; sourceTree = "<group>"; };
		488EECDF1ADFF7A5004EAA71 /* FDFeedViewController.m */ = {isa = PBXFileReference; fileEncoding = 4; lastKnownFileType = sourcecode.c.objc; path = FDFeedViewController.m; sourceTree = "<group>"; };
		488EECE11ADFF884004EAA71 /* FDFeedEntity.h */ = {isa = PBXFileReference; fileEncoding = 4; lastKnownFileType = sourcecode.c.h; path = FDFeedEntity.h; sourceTree = "<group>"; };
		488EECE21ADFF884004EAA71 /* FDFeedEntity.m */ = {isa = PBXFileReference; fileEncoding = 4; lastKnownFileType = sourcecode.c.objc; path = FDFeedEntity.m; sourceTree = "<group>"; };
		48954A1E1B5102E200EFD15D /* UITableView+FDTemplateLayoutCell.h */ = {isa = PBXFileReference; fileEncoding = 4; lastKnownFileType = sourcecode.c.h; path = "UITableView+FDTemplateLayoutCell.h"; sourceTree = "<group>"; };
		48954A1F1B5102E200EFD15D /* UITableView+FDTemplateLayoutCell.m */ = {isa = PBXFileReference; fileEncoding = 4; lastKnownFileType = sourcecode.c.objc; path = "UITableView+FDTemplateLayoutCell.m"; sourceTree = "<group>"; };
		48954A201B5102E200EFD15D /* UITableView+FDTemplateLayoutCellDebug.h */ = {isa = PBXFileReference; fileEncoding = 4; lastKnownFileType = sourcecode.c.h; path = "UITableView+FDTemplateLayoutCellDebug.h"; sourceTree = "<group>"; };
		48954A211B5102E200EFD15D /* UITableView+FDTemplateLayoutCellDebug.m */ = {isa = PBXFileReference; fileEncoding = 4; lastKnownFileType = sourcecode.c.objc; path = "UITableView+FDTemplateLayoutCellDebug.m"; sourceTree = "<group>"; };
		4897E5DC1ADFFBBD00E87B5F /* data.json */ = {isa = PBXFileReference; fileEncoding = 4; lastKnownFileType = text.json; path = data.json; sourceTree = "<group>"; };
		4897E5DE1AE090B900E87B5F /* FDFeedCell.h */ = {isa = PBXFileReference; fileEncoding = 4; lastKnownFileType = sourcecode.c.h; path = FDFeedCell.h; sourceTree = "<group>"; };
		4897E5DF1AE090B900E87B5F /* FDFeedCell.m */ = {isa = PBXFileReference; fileEncoding = 4; lastKnownFileType = sourcecode.c.objc; path = FDFeedCell.m; sourceTree = "<group>"; };
/* End PBXFileReference section */

/* Begin PBXFrameworksBuildPhase section */
		488EECAE1ADFEDC6004EAA71 /* Frameworks */ = {
			isa = PBXFrameworksBuildPhase;
			buildActionMask = 2147483647;
			files = (
			);
			runOnlyForDeploymentPostprocessing = 0;
		};
/* End PBXFrameworksBuildPhase section */

/* Begin PBXGroup section */
		488EECA81ADFEDC6004EAA71 = {
			isa = PBXGroup;
			children = (
				488EECB31ADFEDC6004EAA71 /* Demo */,
				488EECB21ADFEDC6004EAA71 /* Products */,
			);
			sourceTree = "<group>";
		};
		488EECB21ADFEDC6004EAA71 /* Products */ = {
			isa = PBXGroup;
			children = (
				488EECB11ADFEDC6004EAA71 /* Demo.app */,
			);
			name = Products;
			sourceTree = "<group>";
		};
		488EECB31ADFEDC6004EAA71 /* Demo */ = {
			isa = PBXGroup;
			children = (
				48954A191B5102E200EFD15D /* Classes */,
				488EECEA1ADFF905004EAA71 /* Feed */,
				488EECC11ADFEDC6004EAA71 /* Images.xcassets */,
				488EECC31ADFEDC6004EAA71 /* LaunchScreen.xib */,
				488EECB41ADFEDC6004EAA71 /* Supporting Files */,
			);
			path = Demo;
			sourceTree = "<group>";
		};
		488EECB41ADFEDC6004EAA71 /* Supporting Files */ = {
			isa = PBXGroup;
			children = (
				488EECB51ADFEDC6004EAA71 /* Info.plist */,
				488EECB61ADFEDC6004EAA71 /* main.m */,
			);
			name = "Supporting Files";
			sourceTree = "<group>";
		};
		488EECEA1ADFF905004EAA71 /* Feed */ = {
			isa = PBXGroup;
			children = (
				488EECE11ADFF884004EAA71 /* FDFeedEntity.h */,
				488EECE21ADFF884004EAA71 /* FDFeedEntity.m */,
				488EECB81ADFEDC6004EAA71 /* FDAppDelegate.h */,
				488EECB91ADFEDC6004EAA71 /* FDAppDelegate.m */,
				488EECDE1ADFF7A5004EAA71 /* FDFeedViewController.h */,
				488EECDF1ADFF7A5004EAA71 /* FDFeedViewController.m */,
				4897E5DE1AE090B900E87B5F /* FDFeedCell.h */,
				4897E5DF1AE090B900E87B5F /* FDFeedCell.m */,
				488EECBE1ADFEDC6004EAA71 /* Main.storyboard */,
				4897E5DC1ADFFBBD00E87B5F /* data.json */,
			);
			name = Feed;
			sourceTree = "<group>";
		};
		48954A191B5102E200EFD15D /* Classes */ = {
			isa = PBXGroup;
			children = (
				48954A1E1B5102E200EFD15D /* UITableView+FDTemplateLayoutCell.h */,
				48954A1F1B5102E200EFD15D /* UITableView+FDTemplateLayoutCell.m */,
				485DB8991BAFFF8900CEAE33 /* UITableView+FDKeyedHeightCache.h */,
				485DB89A1BAFFF8900CEAE33 /* UITableView+FDKeyedHeightCache.m */,
				485DB89C1BB0004300CEAE33 /* UITableView+FDIndexPathHeightCache.h */,
				485DB89D1BB0004300CEAE33 /* UITableView+FDIndexPathHeightCache.m */,
				48954A201B5102E200EFD15D /* UITableView+FDTemplateLayoutCellDebug.h */,
				48954A211B5102E200EFD15D /* UITableView+FDTemplateLayoutCellDebug.m */,
			);
			name = Classes;
			path = ../../Classes;
			sourceTree = "<group>";
		};
/* End PBXGroup section */

/* Begin PBXNativeTarget section */
		488EECB01ADFEDC6004EAA71 /* Demo */ = {
			isa = PBXNativeTarget;
			buildConfigurationList = 488EECD41ADFEDC6004EAA71 /* Build configuration list for PBXNativeTarget "Demo" */;
			buildPhases = (
				488EECAD1ADFEDC6004EAA71 /* Sources */,
				488EECAE1ADFEDC6004EAA71 /* Frameworks */,
				488EECAF1ADFEDC6004EAA71 /* Resources */,
			);
			buildRules = (
			);
			dependencies = (
			);
			name = Demo;
			productName = Demo;
			productReference = 488EECB11ADFEDC6004EAA71 /* Demo.app */;
			productType = "com.apple.product-type.application";
		};
/* End PBXNativeTarget section */

/* Begin PBXProject section */
		488EECA91ADFEDC6004EAA71 /* Project object */ = {
			isa = PBXProject;
			attributes = {
				LastUpgradeCheck = 0630;
				ORGANIZATIONNAME = forkingdog;
				TargetAttributes = {
					488EECB01ADFEDC6004EAA71 = {
						CreatedOnToolsVersion = 6.3;
					};
				};
			};
			buildConfigurationList = 488EECAC1ADFEDC6004EAA71 /* Build configuration list for PBXProject "Demo" */;
			compatibilityVersion = "Xcode 3.2";
			developmentRegion = English;
			hasScannedForEncodings = 0;
			knownRegions = (
				en,
				Base,
			);
			mainGroup = 488EECA81ADFEDC6004EAA71;
			productRefGroup = 488EECB21ADFEDC6004EAA71 /* Products */;
			projectDirPath = "";
			projectRoot = "";
			targets = (
				488EECB01ADFEDC6004EAA71 /* Demo */,
			);
		};
/* End PBXProject section */

/* Begin PBXResourcesBuildPhase section */
		488EECAF1ADFEDC6004EAA71 /* Resources */ = {
			isa = PBXResourcesBuildPhase;
			buildActionMask = 2147483647;
			files = (
				488EECC01ADFEDC6004EAA71 /* Main.storyboard in Resources */,
				488EECC51ADFEDC6004EAA71 /* LaunchScreen.xib in Resources */,
				488EECC21ADFEDC6004EAA71 /* Images.xcassets in Resources */,
				4897E5DD1ADFFBBD00E87B5F /* data.json in Resources */,
			);
			runOnlyForDeploymentPostprocessing = 0;
		};
/* End PBXResourcesBuildPhase section */

/* Begin PBXSourcesBuildPhase section */
		488EECAD1ADFEDC6004EAA71 /* Sources */ = {
			isa = PBXSourcesBuildPhase;
			buildActionMask = 2147483647;
			files = (
				488EECBA1ADFEDC6004EAA71 /* FDAppDelegate.m in Sources */,
				48954A261B5102E200EFD15D /* UITableView+FDTemplateLayoutCell.m in Sources */,
				48954A271B5102E200EFD15D /* UITableView+FDTemplateLayoutCellDebug.m in Sources */,
				488EECE01ADFF7A5004EAA71 /* FDFeedViewController.m in Sources */,
				4897E5E01AE090B900E87B5F /* FDFeedCell.m in Sources */,
				488EECB71ADFEDC6004EAA71 /* main.m in Sources */,
				485DB89B1BAFFF8900CEAE33 /* UITableView+FDKeyedHeightCache.m in Sources */,
				485DB89E1BB0004300CEAE33 /* UITableView+FDIndexPathHeightCache.m in Sources */,
				488EECE31ADFF884004EAA71 /* FDFeedEntity.m in Sources */,
			);
			runOnlyForDeploymentPostprocessing = 0;
		};
/* End PBXSourcesBuildPhase section */

/* Begin PBXVariantGroup section */
		488EECBE1ADFEDC6004EAA71 /* Main.storyboard */ = {
			isa = PBXVariantGroup;
			children = (
				488EECBF1ADFEDC6004EAA71 /* Base */,
			);
			name = Main.storyboard;
			sourceTree = "<group>";
		};
		488EECC31ADFEDC6004EAA71 /* LaunchScreen.xib */ = {
			isa = PBXVariantGroup;
			children = (
				488EECC41ADFEDC6004EAA71 /* Base */,
			);
			name = LaunchScreen.xib;
			sourceTree = "<group>";
		};
/* End PBXVariantGroup section */

/* Begin XCBuildConfiguration section */
		488EECD21ADFEDC6004EAA71 /* Debug */ = {
			isa = XCBuildConfiguration;
			buildSettings = {
				ALWAYS_SEARCH_USER_PATHS = NO;
				CLANG_CXX_LANGUAGE_STANDARD = "gnu++0x";
				CLANG_CXX_LIBRARY = "libc++";
				CLANG_ENABLE_MODULES = YES;
				CLANG_ENABLE_OBJC_ARC = YES;
				CLANG_WARN_BOOL_CONVERSION = YES;
				CLANG_WARN_CONSTANT_CONVERSION = YES;
				CLANG_WARN_DIRECT_OBJC_ISA_USAGE = YES_ERROR;
				CLANG_WARN_EMPTY_BODY = YES;
				CLANG_WARN_ENUM_CONVERSION = YES;
				CLANG_WARN_INT_CONVERSION = YES;
				CLANG_WARN_OBJC_ROOT_CLASS = YES_ERROR;
				CLANG_WARN_UNREACHABLE_CODE = YES;
				CLANG_WARN__DUPLICATE_METHOD_MATCH = YES;
				"CODE_SIGN_IDENTITY[sdk=iphoneos*]" = "iPhone Developer";
				COPY_PHASE_STRIP = NO;
				DEBUG_INFORMATION_FORMAT = "dwarf-with-dsym";
				ENABLE_STRICT_OBJC_MSGSEND = YES;
				GCC_C_LANGUAGE_STANDARD = gnu99;
				GCC_DYNAMIC_NO_PIC = NO;
				GCC_NO_COMMON_BLOCKS = YES;
				GCC_OPTIMIZATION_LEVEL = 0;
				GCC_PREPROCESSOR_DEFINITIONS = (
					"DEBUG=1",
					"$(inherited)",
				);
				GCC_SYMBOLS_PRIVATE_EXTERN = NO;
				GCC_WARN_64_TO_32_BIT_CONVERSION = YES;
				GCC_WARN_ABOUT_RETURN_TYPE = YES_ERROR;
				GCC_WARN_UNDECLARED_SELECTOR = YES;
				GCC_WARN_UNINITIALIZED_AUTOS = YES_AGGRESSIVE;
				GCC_WARN_UNUSED_FUNCTION = YES;
				GCC_WARN_UNUSED_VARIABLE = YES;
				IPHONEOS_DEPLOYMENT_TARGET = 6.0;
				MTL_ENABLE_DEBUG_INFO = YES;
				ONLY_ACTIVE_ARCH = YES;
				SDKROOT = iphoneos;
			};
			name = Debug;
		};
		488EECD31ADFEDC6004EAA71 /* Release */ = {
			isa = XCBuildConfiguration;
			buildSettings = {
				ALWAYS_SEARCH_USER_PATHS = NO;
				CLANG_CXX_LANGUAGE_STANDARD = "gnu++0x";
				CLANG_CXX_LIBRARY = "libc++";
				CLANG_ENABLE_MODULES = YES;
				CLANG_ENABLE_OBJC_ARC = YES;
				CLANG_WARN_BOOL_CONVERSION = YES;
				CLANG_WARN_CONSTANT_CONVERSION = YES;
				CLANG_WARN_DIRECT_OBJC_ISA_USAGE = YES_ERROR;
				CLANG_WARN_EMPTY_BODY = YES;
				CLANG_WARN_ENUM_CONVERSION = YES;
				CLANG_WARN_INT_CONVERSION = YES;
				CLANG_WARN_OBJC_ROOT_CLASS = YES_ERROR;
				CLANG_WARN_UNREACHABLE_CODE = YES;
				CLANG_WARN__DUPLICATE_METHOD_MATCH = YES;
				"CODE_SIGN_IDENTITY[sdk=iphoneos*]" = "iPhone Developer";
				COPY_PHASE_STRIP = NO;
				DEBUG_INFORMATION_FORMAT = "dwarf-with-dsym";
				ENABLE_NS_ASSERTIONS = NO;
				ENABLE_STRICT_OBJC_MSGSEND = YES;
				GCC_C_LANGUAGE_STANDARD = gnu99;
				GCC_NO_COMMON_BLOCKS = YES;
				GCC_WARN_64_TO_32_BIT_CONVERSION = YES;
				GCC_WARN_ABOUT_RETURN_TYPE = YES_ERROR;
				GCC_WARN_UNDECLARED_SELECTOR = YES;
				GCC_WARN_UNINITIALIZED_AUTOS = YES_AGGRESSIVE;
				GCC_WARN_UNUSED_FUNCTION = YES;
				GCC_WARN_UNUSED_VARIABLE = YES;
				IPHONEOS_DEPLOYMENT_TARGET = 6.0;
				MTL_ENABLE_DEBUG_INFO = NO;
				SDKROOT = iphoneos;
				VALIDATE_PRODUCT = YES;
			};
			name = Release;
		};
		488EECD51ADFEDC6004EAA71 /* Debug */ = {
			isa = XCBuildConfiguration;
			buildSettings = {
				ASSETCATALOG_COMPILER_APPICON_NAME = AppIcon;
				INFOPLIST_FILE = Demo/Info.plist;
				IPHONEOS_DEPLOYMENT_TARGET = 7.0;
				LD_RUNPATH_SEARCH_PATHS = "$(inherited) @executable_path/Frameworks";
				PRODUCT_NAME = "$(TARGET_NAME)";
			};
			name = Debug;
		};
		488EECD61ADFEDC6004EAA71 /* Release */ = {
			isa = XCBuildConfiguration;
			buildSettings = {
				ASSETCATALOG_COMPILER_APPICON_NAME = AppIcon;
				INFOPLIST_FILE = Demo/Info.plist;
				IPHONEOS_DEPLOYMENT_TARGET = 7.0;
				LD_RUNPATH_SEARCH_PATHS = "$(inherited) @executable_path/Frameworks";
				PRODUCT_NAME = "$(TARGET_NAME)";
			};
			name = Release;
		};
/* End XCBuildConfiguration section */

/* Begin XCConfigurationList section */
		488EECAC1ADFEDC6004EAA71 /* Build configuration list for PBXProject "Demo" */ = {
			isa = XCConfigurationList;
			buildConfigurations = (
				488EECD21ADFEDC6004EAA71 /* Debug */,
				488EECD31ADFEDC6004EAA71 /* Release */,
			);
			defaultConfigurationIsVisible = 0;
			defaultConfigurationName = Release;
		};
		488EECD41ADFEDC6004EAA71 /* Build configuration list for PBXNativeTarget "Demo" */ = {
			isa = XCConfigurationList;
			buildConfigurations = (
				488EECD51ADFEDC6004EAA71 /* Debug */,
				488EECD61ADFEDC6004EAA71 /* Release */,
			);
			defaultConfigurationIsVisible = 0;
			defaultConfigurationName = Release;
		};
/* End XCConfigurationList section */
	};
	rootObject = 488EECA91ADFEDC6004EAA71 /* Project object */;
}
